
Microsoft Visual Studio Solution File, Format Version 12.00
# Visual Studio 15
VisualStudioVersion = 15.0.28307.1169
MinimumVisualStudioVersion = 10.0.40219.1
Project("{FAE04EC0-301F-11D3-BF4B-00C04F79EFBC}") = "WpfApp", "WpfApp\WpfApp.csproj", "{770BAD0B-2C88-4F63-8121-7AF345572F48}"
EndProject
Project("{FAE04EC0-301F-11D3-BF4B-00C04F79EFBC}") = "Models", "Models\Models.csproj", "{310A3A53-B475-4C65-9B1C-4B0E257FB1F1}"
EndProject
Project("{FAE04EC0-301F-11D3-BF4B-00C04F79EFBC}") = "ConsoleApp", "ConsoleApp\ConsoleApp.csproj", "{55E44BCF-7956-4B65-A280-63C9E6C6B4CC}"
EndProject
Project("{FAE04EC0-301F-11D3-BF4B-00C04F79EFBC}") = "DAL", "DAL\DAL.csproj", "{FEDA6737-64E1-480A-9A9D-E60A023DDB53}"
EndProject
Project("{FAE04EC0-301F-11D3-BF4B-00C04F79EFBC}") = "Service.Interfaces", "Service.Interfaces\Service.Interfaces.csproj", "{B40BAF41-0C8E-4065-BF18-DC22ED125226}"
EndProject
Project("{FAE04EC0-301F-11D3-BF4B-00C04F79EFBC}") = "DAL2", "DAL2\DAL2.csproj", "{BF622CFA-2F8B-4F8B-B356-13C004BE323B}"
EndProject
Project("{FAE04EC0-301F-11D3-BF4B-00C04F79EFBC}") = "WebAPI", "WebAPI\WebAPI.csproj", "{74EAF503-13AD-4F06-9F9C-749CCC3067DA}"
EndProject
Project("{FAE04EC0-301F-11D3-BF4B-00C04F79EFBC}") = "Service", "Service\Service.csproj", "{805F6E63-8AB8-4365-A1CC-8F9B467984A4}"
EndProject
Project("{FAE04EC0-301F-11D3-BF4B-00C04F79EFBC}") = "WcfDataService", "WcfDataService\WcfDataService.csproj", "{DBE3C89F-51FF-4BCC-B596-BA4FB89EEA3A}"
EndProject
Global
	GlobalSection(SolutionConfigurationPlatforms) = preSolution
		Debug|Any CPU = Debug|Any CPU
		Release|Any CPU = Release|Any CPU
	EndGlobalSection
	GlobalSection(ProjectConfigurationPlatforms) = postSolution
		{770BAD0B-2C88-4F63-8121-7AF345572F48}.Debug|Any CPU.ActiveCfg = Debug|Any CPU
		{770BAD0B-2C88-4F63-8121-7AF345572F48}.Debug|Any CPU.Build.0 = Debug|Any CPU
		{770BAD0B-2C88-4F63-8121-7AF345572F48}.Release|Any CPU.ActiveCfg = Release|Any CPU
		{770BAD0B-2C88-4F63-8121-7AF345572F48}.Release|Any CPU.Build.0 = Release|Any CPU
		{310A3A53-B475-4C65-9B1C-4B0E257FB1F1}.Debug|Any CPU.ActiveCfg = Debug|Any CPU
		{310A3A53-B475-4C65-9B1C-4B0E257FB1F1}.Debug|Any CPU.Build.0 = Debug|Any CPU
		{310A3A53-B475-4C65-9B1C-4B0E257FB1F1}.Release|Any CPU.ActiveCfg = Release|Any CPU
		{310A3A53-B475-4C65-9B1C-4B0E257FB1F1}.Release|Any CPU.Build.0 = Release|Any CPU
		{55E44BCF-7956-4B65-A280-63C9E6C6B4CC}.Debug|Any CPU.ActiveCfg = Debug|Any CPU
		{55E44BCF-7956-4B65-A280-63C9E6C6B4CC}.Debug|Any CPU.Build.0 = Debug|Any CPU
		{55E44BCF-7956-4B65-A280-63C9E6C6B4CC}.Release|Any CPU.ActiveCfg = Release|Any CPU
		{55E44BCF-7956-4B65-A280-63C9E6C6B4CC}.Release|Any CPU.Build.0 = Release|Any CPU
		{FEDA6737-64E1-480A-9A9D-E60A023DDB53}.Debug|Any CPU.ActiveCfg = Debug|Any CPU
		{FEDA6737-64E1-480A-9A9D-E60A023DDB53}.Debug|Any CPU.Build.0 = Debug|Any CPU
		{FEDA6737-64E1-480A-9A9D-E60A023DDB53}.Release|Any CPU.ActiveCfg = Release|Any CPU
		{FEDA6737-64E1-480A-9A9D-E60A023DDB53}.Release|Any CPU.Build.0 = Release|Any CPU
		{B40BAF41-0C8E-4065-BF18-DC22ED125226}.Debug|Any CPU.ActiveCfg = Debug|Any CPU
		{B40BAF41-0C8E-4065-BF18-DC22ED125226}.Debug|Any CPU.Build.0 = Debug|Any CPU
		{B40BAF41-0C8E-4065-BF18-DC22ED125226}.Release|Any CPU.ActiveCfg = Release|Any CPU
		{B40BAF41-0C8E-4065-BF18-DC22ED125226}.Release|Any CPU.Build.0 = Release|Any CPU
		{BF622CFA-2F8B-4F8B-B356-13C004BE323B}.Debug|Any CPU.ActiveCfg = Debug|Any CPU
		{BF622CFA-2F8B-4F8B-B356-13C004BE323B}.Debug|Any CPU.Build.0 = Debug|Any CPU
		{BF622CFA-2F8B-4F8B-B356-13C004BE323B}.Release|Any CPU.ActiveCfg = Release|Any CPU
		{BF622CFA-2F8B-4F8B-B356-13C004BE323B}.Release|Any CPU.Build.0 = Release|Any CPU
		{74EAF503-13AD-4F06-9F9C-749CCC3067DA}.Debug|Any CPU.ActiveCfg = Debug|Any CPU
		{74EAF503-13AD-4F06-9F9C-749CCC3067DA}.Debug|Any CPU.Build.0 = Debug|Any CPU
		{74EAF503-13AD-4F06-9F9C-749CCC3067DA}.Release|Any CPU.ActiveCfg = Release|Any CPU
		{74EAF503-13AD-4F06-9F9C-749CCC3067DA}.Release|Any CPU.Build.0 = Release|Any CPU
		{805F6E63-8AB8-4365-A1CC-8F9B467984A4}.Debug|Any CPU.ActiveCfg = Debug|Any CPU
		{805F6E63-8AB8-4365-A1CC-8F9B467984A4}.Debug|Any CPU.Build.0 = Debug|Any CPU
		{805F6E63-8AB8-4365-A1CC-8F9B467984A4}.Release|Any CPU.ActiveCfg = Release|Any CPU
		{805F6E63-8AB8-4365-A1CC-8F9B467984A4}.Release|Any CPU.Build.0 = Release|Any CPU
		{DBE3C89F-51FF-4BCC-B596-BA4FB89EEA3A}.Debug|Any CPU.ActiveCfg = Debug|Any CPU
		{DBE3C89F-51FF-4BCC-B596-BA4FB89EEA3A}.Debug|Any CPU.Build.0 = Debug|Any CPU
		{DBE3C89F-51FF-4BCC-B596-BA4FB89EEA3A}.Release|Any CPU.ActiveCfg = Release|Any CPU
		{DBE3C89F-51FF-4BCC-B596-BA4FB89EEA3A}.Release|Any CPU.Build.0 = Release|Any CPU
	EndGlobalSection
	GlobalSection(SolutionProperties) = preSolution
		HideSolutionNode = FALSE
	EndGlobalSection
	GlobalSection(ExtensibilityGlobals) = postSolution
		SolutionGuid = {62A52E89-897F-4A31-BDC4-E42F32832C58}
	EndGlobalSection
EndGlobal
